# platform: linux-64
# env_hash: 01d168a2510c46a9c3516ad6438fed7776f0078666bec2e27631f800765ca16e
@EXPLICIT
https://conda.anaconda.org/conda-forge/linux-64/_libgcc_mutex-0.1-conda_forge.tar.bz2#d7c89558ba9fa0495403155b64376d81
https://conda.anaconda.org/conda-forge/linux-64/ca-certificates-2020.12.5-ha878542_0.tar.bz2#7eb5d4ffeee663caa1635cd67071bc1b
https://conda.anaconda.org/conda-forge/linux-64/ld_impl_linux-64-2.35.1-hea4e1c9_2.tar.bz2#83610dba766a186bdc7a116053b782a4
https://conda.anaconda.org/conda-forge/linux-64/libgfortran5-9.3.0-hff62375_19.tar.bz2#c2d8da3cb171e4aa642d20c6e4e42a04
https://conda.anaconda.org/conda-forge/linux-64/libstdcxx-ng-9.3.0-h6de172a_19.tar.bz2#cd9a24a8dde03ec0cf0e603b0bea85a1
https://conda.anaconda.org/conda-forge/linux-64/llvm-openmp-11.1.0-h4bd325d_1.tar.bz2#ab555be0c1fe0b2c2a8401545a7678c8
https://conda.anaconda.org/conda-forge/linux-64/_openmp_mutex-4.5-1_llvm.tar.bz2#fa8d764c883a53d22ce622bea830c818
https://conda.anaconda.org/conda-forge/linux-64/libgfortran-ng-9.3.0-hff62375_19.tar.bz2#aea379bd68fdcdf9499fa1453f852ac1
https://conda.anaconda.org/conda-forge/linux-64/libgcc-ng-9.3.0-h2828fa1_19.tar.bz2#9d5cdfc51476ee4dcdd96ed2dca3f943
https://conda.anaconda.org/conda-forge/linux-64/mkl-2020.4-h726a3e6_304.tar.bz2#b9b35a50e5377b19da6ec0709ae77fc3
https://conda.anaconda.org/conda-forge/linux-64/abseil-cpp-20210324.0-h9c3ff4c_0.tar.bz2#bf9b65d81c0f9568452ee280fe1b0100
https://conda.anaconda.org/conda-forge/linux-64/c-ares-1.17.1-h7f98852_1.tar.bz2#ed1dc233ed5e3eaa9bfbaac64d130c5e
https://conda.anaconda.org/nvidia/linux-64/cudatoolkit-11.1.74-h6bb024c_0.tar.bz2#7ef870174e8baed24f96824c49c24eb7
https://conda.anaconda.org/conda-forge/linux-64/giflib-5.2.1-h36c2ea0_2.tar.bz2#626e68ae9cc5912d6adb79d318cf962d
https://conda.anaconda.org/conda-forge/linux-64/icu-68.1-h58526e2_0.tar.bz2#fc7a4271dc2a7f4fd78cd63695baf7c3
https://conda.anaconda.org/conda-forge/linux-64/jpeg-9d-h36c2ea0_0.tar.bz2#ea02ce6037dbe81803ae6123e5ba1568
https://conda.anaconda.org/conda-forge/linux-64/libblas-3.9.0-6_mkl.tar.bz2#14d4aeb0a4d553291acf26d6b11317a4
https://conda.anaconda.org/conda-forge/linux-64/libev-4.33-h516909a_1.tar.bz2#6f8720dff19e17ce5d48cfe7f3d2f0a3
https://conda.anaconda.org/conda-forge/linux-64/libffi-3.3-h58526e2_2.tar.bz2#665369991d8dd290ac5ee92fce3e6bf5
https://conda.anaconda.org/conda-forge/linux-64/libuv-1.41.0-h7f98852_0.tar.bz2#808b41ebae1d9bd4aa8ffbc365d468c6
https://conda.anaconda.org/conda-forge/linux-64/ncurses-6.2-h58526e2_4.tar.bz2#509f2a21c4a09214cd737a480dfd80c9
https://conda.anaconda.org/conda-forge/linux-64/ninja-1.10.2-h4bd325d_0.tar.bz2#15aa96cc0ff141127a8da4c5bb6486d7
https://conda.anaconda.org/conda-forge/linux-64/openssl-1.1.1k-h7f98852_0.tar.bz2#07fae2cb088379c8441e0f3ffa1f4025
https://conda.anaconda.org/conda-forge/linux-64/re2-2021.04.01-h9c3ff4c_0.tar.bz2#101d44c3f91da8d544fb463d0b014671
https://conda.anaconda.org/conda-forge/linux-64/snappy-1.1.8-he1b5a44_3.tar.bz2#83f1dc295c711bdbaf97e1f3bedf2f52
https://conda.anaconda.org/conda-forge/linux-64/xz-5.2.5-h516909a_1.tar.bz2#33f601066901f3e1a85af3522a8113f9
https://conda.anaconda.org/conda-forge/linux-64/zlib-1.2.11-h516909a_1010.tar.bz2#339cc5584e6d26bc73a875ba900028c3
https://conda.anaconda.org/conda-forge/linux-64/libcblas-3.9.0-6_mkl.tar.bz2#b0f89f888cc04776fb6df0d48cd5b111
https://conda.anaconda.org/conda-forge/linux-64/libedit-3.1.20191231-he28a2e2_2.tar.bz2#4d331e44109e3f0e19b4cb8f9b82f3e1
https://conda.anaconda.org/conda-forge/linux-64/liblapack-3.9.0-6_mkl.tar.bz2#c94e411560ad43ae15d12e02e4853adb
https://conda.anaconda.org/conda-forge/linux-64/libnghttp2-1.43.0-h812cca2_0.tar.bz2#1867d1e9658596b3fac8847a7702eef4
https://conda.anaconda.org/conda-forge/linux-64/libpng-1.6.37-h21135ba_2.tar.bz2#b6acf807307d033d4b7e758b4f44b036
https://conda.anaconda.org/conda-forge/linux-64/libprotobuf-3.15.8-h780b84a_0.tar.bz2#e6102befa4faff90ab2feb272a8b294d
https://conda.anaconda.org/conda-forge/linux-64/libssh2-1.9.0-ha56f1ee_6.tar.bz2#f0dfb86444df325e599dbc3f4c0a3f5b
https://conda.anaconda.org/conda-forge/linux-64/readline-8.1-h46c0cb4_0.tar.bz2#5788de3c8d7a7d64ac56c784c4ef48e6
https://conda.anaconda.org/conda-forge/linux-64/tk-8.6.10-h21135ba_1.tar.bz2#c647f70aa7e3d4cc4e029cc1c9a99953
https://conda.anaconda.org/conda-forge/linux-64/grpc-cpp-1.37.1-h36de60a_0.tar.bz2#a9d669b01509c9265a2be17394215d15
https://conda.anaconda.org/conda-forge/linux-64/krb5-1.19.1-hcc1bbae_0.tar.bz2#59b0695a515a6c54d45463dbf208ae38
https://conda.anaconda.org/conda-forge/linux-64/liblapacke-3.9.0-6_mkl.tar.bz2#d15804dd4e7f57b3b86f0fd400e3b6ed
https://conda.anaconda.org/conda-forge/linux-64/sqlite-3.35.5-h74cdb3f_0.tar.bz2#e876c82c21e7074d299e13762d02466c
https://conda.anaconda.org/conda-forge/linux-64/blas-2.106-mkl.tar.bz2#a180b9545d51e37f2d7d766f9f3121df
https://conda.anaconda.org/conda-forge/linux-64/libcurl-7.76.1-h2574ce0_2.tar.bz2#cc7097ea31a80337c2203c22f08d3f03
https://conda.anaconda.org/conda-forge/linux-64/python-3.8.10-h49503c6_1_cpython.tar.bz2#69f7d6ef1f00c3a109b1b06279e6d6a9
https://conda.anaconda.org/conda-forge/noarch/astor-0.8.1-pyh9f0ad1d_0.tar.bz2#6ae770689be59dc391ef974d2e849b56
https://conda.anaconda.org/conda-forge/noarch/async-timeout-3.0.1-py_1000.tar.bz2#8b11024b2762a07aaa07d2743231a41b
https://conda.anaconda.org/conda-forge/noarch/attrs-21.2.0-pyhd8ed1ab_0.tar.bz2#d2e1c7f388ac403df7079b411c37cc50
https://conda.anaconda.org/conda-forge/noarch/blinker-1.4-py_1.tar.bz2#fa509a09190583f869ae442bf4d17f5f
https://conda.anaconda.org/conda-forge/noarch/cachetools-4.2.2-pyhd8ed1ab_0.tar.bz2#26fd593682debe36bcaa720763015d75
https://conda.anaconda.org/conda-forge/noarch/dataclasses-0.8-pyhc8e2a94_1.tar.bz2#28e0de0ecba81334619a777fdc00febc
https://conda.anaconda.org/conda-forge/noarch/gast-0.3.3-py_0.tar.bz2#05b99f1fd72a1f468b431b5d44b027b4
https://conda.anaconda.org/conda-forge/linux-64/hdf5-1.10.6-nompi_h6a2412b_1114.tar.bz2#0a2984b78f51148d7ff6219abe73509e
https://conda.anaconda.org/conda-forge/noarch/idna-2.10-pyh9f0ad1d_0.tar.bz2#f95a12b4f435aae6680fe55ae2eb1b06
https://conda.anaconda.org/conda-forge/noarch/pyasn1-0.4.8-py_0.tar.bz2#06d04c9f8f72ac77911db942eda24fb9
https://conda.anaconda.org/conda-forge/noarch/pycparser-2.20-pyh9f0ad1d_2.tar.bz2#aa798d50ffd182a0f6f31478c7f434f6
https://conda.anaconda.org/conda-forge/noarch/pyjwt-2.1.0-pyhd8ed1ab_0.tar.bz2#c602e093a43beb74210362e983584666
https://conda.anaconda.org/conda-forge/noarch/python-flatbuffers-1.12-pyhd8ed1ab_1.tar.bz2#4ddd8b8f7ba0c0fc50de3776b37fecce
https://conda.anaconda.org/huggingface/linux-64/python_abi-3.8-1_cp38.tar.bz2#8d05152d6fb3012b27a0e6fbcc14bea1
https://conda.anaconda.org/conda-forge/noarch/six-1.16.0-pyh6c4a22f_0.tar.bz2#e5f25f8dbc060e9a8d912e432202afc2
https://conda.anaconda.org/conda-forge/noarch/tensorboard-plugin-wit-1.8.0-pyh44b312d_0.tar.bz2#2b9cacb9dfeb456540e5e8627a2bcd4e
https://conda.anaconda.org/conda-forge/noarch/termcolor-1.1.0-py_2.tar.bz2#c7fd66fedfff76bfe477c6f33c96d83a
https://conda.anaconda.org/conda-forge/noarch/typing_extensions-3.7.4.3-py_0.tar.bz2#12b96e382730541a4b332420227055ae
https://conda.anaconda.org/conda-forge/noarch/wheel-0.36.2-pyhd3deb0d_0.tar.bz2#768bfbe026426d0e76b377997d1f2b98
https://conda.anaconda.org/conda-forge/noarch/zipp-3.4.1-pyhd8ed1ab_0.tar.bz2#a4fa30eb74a326092b3d8078b1f1aae1
https://conda.anaconda.org/conda-forge/noarch/absl-py-0.12.0-pyhd8ed1ab_0.tar.bz2#21a3a7d18fbf5eadc19227bbd0bb5282
https://conda.anaconda.org/conda-forge/noarch/astunparse-1.6.3-pyhd8ed1ab_0.tar.bz2#000b6f68a0bfaba800ced7500c11780f
https://conda.anaconda.org/conda-forge/linux-64/certifi-2020.12.5-py38h578d9bd_1.tar.bz2#be470d89b0678991fd4ba67d4a35bc80
https://conda.anaconda.org/conda-forge/linux-64/cffi-1.14.5-py38ha65f79e_0.tar.bz2#386057f231a571b75bfa7307c9acd5f6
https://conda.anaconda.org/conda-forge/linux-64/chardet-4.0.0-py38h578d9bd_1.tar.bz2#9294a5e2c7545a2f67ac348aadd53344
https://conda.anaconda.org/conda-forge/linux-64/click-8.0.0-py38h578d9bd_0.tar.bz2#f3965c54a43c12c28f8bdaf05ad1d730
https://conda.anaconda.org/conda-forge/noarch/google-pasta-0.2.0-pyh8c360ce_0.tar.bz2#26e27d7d3d7fe2336b543dd8e0f12cbf
https://conda.anaconda.org/conda-forge/linux-64/importlib-metadata-4.0.1-py38h578d9bd_0.tar.bz2#df6fae32b464e9fb5010c4784ce2efb0
https://conda.anaconda.org/conda-forge/linux-64/multidict-5.1.0-py38h497a2fe_1.tar.bz2#144fb43891d7bef0e353fb160ddd39bd
https://conda.anaconda.org/conda-forge/linux-64/numpy-1.20.2-py38h9894fe3_0.tar.bz2#d159afa37685037c73461e8f2fa22e50
https://conda.anaconda.org/conda-forge/noarch/pyasn1-modules-0.2.7-py_0.tar.bz2#ad1e886d09700b2304975335f714bd9c
https://conda.anaconda.org/conda-forge/linux-64/pysocks-1.7.1-py38h578d9bd_3.tar.bz2#8284bab4783fd6fdd11b695958945614
https://conda.anaconda.org/conda-forge/noarch/rsa-4.7.2-pyh44b312d_0.tar.bz2#3452ab3790dbb1df9508b3fa4ea2f806
https://conda.anaconda.org/conda-forge/noarch/typing-extensions-3.7.4.3-0.tar.bz2#36bdcdb4c2bf1efb987f2e9e80f4c9a6
https://conda.anaconda.org/conda-forge/noarch/werkzeug-2.0.0-pyhd8ed1ab_0.tar.bz2#40c2f2363a51eb6940944a8cea77db24
https://conda.anaconda.org/conda-forge/linux-64/wrapt-1.12.1-py38h497a2fe_3.tar.bz2#be33fd2a84c54b9b1c3b859bb29eaf40
https://conda.anaconda.org/conda-forge/linux-64/brotlipy-0.7.0-py38h497a2fe_1001.tar.bz2#56753dd777a6517b34966ddcb39af734
https://conda.anaconda.org/conda-forge/linux-64/cryptography-3.4.7-py38ha5dfef3_0.tar.bz2#a8b014aba670157256dabdc885f71af4
https://conda.anaconda.org/conda-forge/linux-64/h5py-2.10.0-nompi_py38h9915d05_106.tar.bz2#9288bbce72a38992fb0c47b771b0609b
https://conda.anaconda.org/conda-forge/noarch/markdown-3.3.4-pyhd8ed1ab_0.tar.bz2#b8054f74fbed2b282f032219f114421a
https://conda.anaconda.org/conda-forge/noarch/opt_einsum-3.3.0-pyhd8ed1ab_1.tar.bz2#ba523f5bdd2e452e43c73b7e4b928799
https://conda.anaconda.org/pytorch/linux-64/pytorch-1.8.1-py3.8_cuda11.1_cudnn8.0.5_0.tar.bz2#15258d9830cd91dc5c78b154dcb36299
https://conda.anaconda.org/conda-forge/linux-64/scipy-1.6.3-py38h7b17777_0.tar.bz2#8055079ed82e1ada1cc4714c26d04802
https://conda.anaconda.org/conda-forge/linux-64/setuptools-49.6.0-py38h578d9bd_3.tar.bz2#59c561cd1be0db9cf1c83f7d7cc74f4d
https://conda.anaconda.org/conda-forge/linux-64/yarl-1.6.3-py38h497a2fe_1.tar.bz2#c5726a316ae938293c35bc0a9c84093c
https://conda.anaconda.org/conda-forge/linux-64/aiohttp-3.7.4-py38h497a2fe_0.tar.bz2#e95a206e5f3dc6833e5b7870819a21e6
https://conda.anaconda.org/conda-forge/linux-64/grpcio-1.37.1-py38hdd6454d_0.tar.bz2#e7bf050439450bcea2bf0644d2a7c6bb
https://conda.anaconda.org/conda-forge/noarch/keras-preprocessing-1.1.2-pyhd8ed1ab_0.tar.bz2#a79b00989a0d89791021902f37fe2f9e
https://conda.anaconda.org/conda-forge/noarch/oauthlib-3.0.1-py_0.tar.bz2#faaf2a8fd1cddecbf1818fcf0ed3a3b6
https://conda.anaconda.org/conda-forge/linux-64/protobuf-3.15.8-py38h709712a_0.tar.bz2#0884cd433012e69af16bba7e0e77f6be
https://conda.anaconda.org/conda-forge/noarch/pyopenssl-20.0.1-pyhd8ed1ab_0.tar.bz2#92371c25994d0f5d28a01c1fb75ebf86
https://conda.anaconda.org/conda-forge/noarch/google-auth-1.30.0-pyh44b312d_0.tar.bz2#6bfc2b6ab5e47c4e57355e511fab4bfb
https://conda.anaconda.org/conda-forge/noarch/tensorflow-estimator-2.4.0-pyh9656e83_0.tar.bz2#ede99bb6f017060400f03a8a29574524
https://conda.anaconda.org/conda-forge/noarch/urllib3-1.26.4-pyhd8ed1ab_0.tar.bz2#d7b20b328e23d993994ea02077c009c0
https://conda.anaconda.org/conda-forge/noarch/requests-2.25.1-pyhd3deb0d_0.tar.bz2#ae687aba31a1c400192a86a2e993ffdc
https://conda.anaconda.org/conda-forge/noarch/requests-oauthlib-1.3.0-pyh9f0ad1d_0.tar.bz2#acdcfb3267ef1a8e576e84480a5e259d
https://conda.anaconda.org/conda-forge/noarch/google-auth-oauthlib-0.4.1-py_2.tar.bz2#116611db5925f952312e4c1e799936e2
https://conda.anaconda.org/conda-forge/noarch/tensorboard-2.4.1-pyhd8ed1ab_0.tar.bz2#99eacca69ce81245813db90f4475cd4a
https://conda.anaconda.org/conda-forge/linux-64/tensorflow-base-2.4.1-py38h83f5f1d_0.tar.bz2#5967057ae1008e019c01c926417a60b0
https://conda.anaconda.org/conda-forge/linux-64/tensorflow-2.4.1-py38h578d9bd_0.tar.bz2#7aa48074457cdc87423c775524f98c75
